// !$*UTF8*$!
{
	archiveVersion = 1;
	classes = {
	};
	objectVersion = 56;
	objects = {

/* Begin PBXBuildFile section */
		5E28DF762AFB7D5500A6071C /* PetrolListViewCoordinator.swift in Sources */ = {isa = PBXBuildFile; fileRef = 5E28DF752AFB7D5500A6071C /* PetrolListViewCoordinator.swift */; };
		5E28DF782AFB7E2300A6071C /* PetrolRepository.swift in Sources */ = {isa = PBXBuildFile; fileRef = 5E28DF772AFB7E2300A6071C /* PetrolRepository.swift */; };
		5E28DF7A2AFB887900A6071C /* PetrolRecordViewCell.swift in Sources */ = {isa = PBXBuildFile; fileRef = 5E28DF792AFB887900A6071C /* PetrolRecordViewCell.swift */; };
		5E28DF7D2AFB900100A6071C /* DateExtension.swift in Sources */ = {isa = PBXBuildFile; fileRef = 5E28DF7C2AFB900100A6071C /* DateExtension.swift */; };
		5E4CAFCD2AFA756E00174225 /* AppDelegate.swift in Sources */ = {isa = PBXBuildFile; fileRef = 5E4CAFCC2AFA756E00174225 /* AppDelegate.swift */; };
		5E4CAFD12AFA756E00174225 /* PetrolListViewController.swift in Sources */ = {isa = PBXBuildFile; fileRef = 5E4CAFD02AFA756E00174225 /* PetrolListViewController.swift */; };
		5E4CAFD72AFA756E00174225 /* petrolTracker.xcdatamodeld in Sources */ = {isa = PBXBuildFile; fileRef = 5E4CAFD52AFA756E00174225 /* petrolTracker.xcdatamodeld */; };
		5E4CAFD92AFA756F00174225 /* Assets.xcassets in Resources */ = {isa = PBXBuildFile; fileRef = 5E4CAFD82AFA756F00174225 /* Assets.xcassets */; };
		5E4CAFDC2AFA756F00174225 /* LaunchScreen.storyboard in Resources */ = {isa = PBXBuildFile; fileRef = 5E4CAFDA2AFA756F00174225 /* LaunchScreen.storyboard */; };
		5E4CAFE72AFA756F00174225 /* petrolTrackerTests.swift in Sources */ = {isa = PBXBuildFile; fileRef = 5E4CAFE62AFA756F00174225 /* petrolTrackerTests.swift */; };
		5E4CAFF12AFA756F00174225 /* petrolTrackerUITests.swift in Sources */ = {isa = PBXBuildFile; fileRef = 5E4CAFF02AFA756F00174225 /* petrolTrackerUITests.swift */; };
		5E4CAFF32AFA756F00174225 /* petrolTrackerUITestsLaunchTests.swift in Sources */ = {isa = PBXBuildFile; fileRef = 5E4CAFF22AFA756F00174225 /* petrolTrackerUITestsLaunchTests.swift */; };
		5E4CB0032AFA765A00174225 /* AppCoordinator.swift in Sources */ = {isa = PBXBuildFile; fileRef = 5E4CB0022AFA765A00174225 /* AppCoordinator.swift */; };
		5E4CB0052AFA778100174225 /* PetrolListViewModel.swift in Sources */ = {isa = PBXBuildFile; fileRef = 5E4CB0042AFA778100174225 /* PetrolListViewModel.swift */; };
		5E4CB00B2AFA7C8C00174225 /* PetrolRecord.swift in Sources */ = {isa = PBXBuildFile; fileRef = 5E4CB00A2AFA7C8C00174225 /* PetrolRecord.swift */; };
/* End PBXBuildFile section */

/* Begin PBXContainerItemProxy section */
		5E4CAFE32AFA756F00174225 /* PBXContainerItemProxy */ = {
			isa = PBXContainerItemProxy;
			containerPortal = 5E4CAFC12AFA756E00174225 /* Project object */;
			proxyType = 1;
			remoteGlobalIDString = 5E4CAFC82AFA756E00174225;
			remoteInfo = petrolTracker;
		};
		5E4CAFED2AFA756F00174225 /* PBXContainerItemProxy */ = {
			isa = PBXContainerItemProxy;
			containerPortal = 5E4CAFC12AFA756E00174225 /* Project object */;
			proxyType = 1;
			remoteGlobalIDString = 5E4CAFC82AFA756E00174225;
			remoteInfo = petrolTracker;
		};
/* End PBXContainerItemProxy section */

/* Begin PBXFileReference section */
		5E28DF752AFB7D5500A6071C /* PetrolListViewCoordinator.swift */ = {isa = PBXFileReference; lastKnownFileType = sourcecode.swift; path = PetrolListViewCoordinator.swift; sourceTree = "<group>"; };
		5E28DF772AFB7E2300A6071C /* PetrolRepository.swift */ = {isa = PBXFileReference; lastKnownFileType = sourcecode.swift; path = PetrolRepository.swift; sourceTree = "<group>"; };
		5E28DF792AFB887900A6071C /* PetrolRecordViewCell.swift */ = {isa = PBXFileReference; lastKnownFileType = sourcecode.swift; path = PetrolRecordViewCell.swift; sourceTree = "<group>"; };
		5E28DF7C2AFB900100A6071C /* DateExtension.swift */ = {isa = PBXFileReference; lastKnownFileType = sourcecode.swift; path = DateExtension.swift; sourceTree = "<group>"; };
		5E4CAFC92AFA756E00174225 /* petrolTracker.app */ = {isa = PBXFileReference; explicitFileType = wrapper.application; includeInIndex = 0; path = petrolTracker.app; sourceTree = BUILT_PRODUCTS_DIR; };
		5E4CAFCC2AFA756E00174225 /* AppDelegate.swift */ = {isa = PBXFileReference; lastKnownFileType = sourcecode.swift; path = AppDelegate.swift; sourceTree = "<group>"; };
		5E4CAFD02AFA756E00174225 /* PetrolListViewController.swift */ = {isa = PBXFileReference; lastKnownFileType = sourcecode.swift; path = PetrolListViewController.swift; sourceTree = "<group>"; };
		5E4CAFD62AFA756E00174225 /* petrolTracker.xcdatamodel */ = {isa = PBXFileReference; lastKnownFileType = wrapper.xcdatamodel; path = petrolTracker.xcdatamodel; sourceTree = "<group>"; };
		5E4CAFD82AFA756F00174225 /* Assets.xcassets */ = {isa = PBXFileReference; lastKnownFileType = folder.assetcatalog; path = Assets.xcassets; sourceTree = "<group>"; };
		5E4CAFDB2AFA756F00174225 /* Base */ = {isa = PBXFileReference; lastKnownFileType = file.storyboard; name = Base; path = Base.lproj/LaunchScreen.storyboard; sourceTree = "<group>"; };
		5E4CAFDD2AFA756F00174225 /* Info.plist */ = {isa = PBXFileReference; lastKnownFileType = text.plist.xml; path = Info.plist; sourceTree = "<group>"; };
		5E4CAFE22AFA756F00174225 /* petrolTrackerTests.xctest */ = {isa = PBXFileReference; explicitFileType = wrapper.cfbundle; includeInIndex = 0; path = petrolTrackerTests.xctest; sourceTree = BUILT_PRODUCTS_DIR; };
		5E4CAFE62AFA756F00174225 /* petrolTrackerTests.swift */ = {isa = PBXFileReference; lastKnownFileType = sourcecode.swift; path = petrolTrackerTests.swift; sourceTree = "<group>"; };
		5E4CAFEC2AFA756F00174225 /* petrolTrackerUITests.xctest */ = {isa = PBXFileReference; explicitFileType = wrapper.cfbundle; includeInIndex = 0; path = petrolTrackerUITests.xctest; sourceTree = BUILT_PRODUCTS_DIR; };
		5E4CAFF02AFA756F00174225 /* petrolTrackerUITests.swift */ = {isa = PBXFileReference; lastKnownFileType = sourcecode.swift; path = petrolTrackerUITests.swift; sourceTree = "<group>"; };
		5E4CAFF22AFA756F00174225 /* petrolTrackerUITestsLaunchTests.swift */ = {isa = PBXFileReference; lastKnownFileType = sourcecode.swift; path = petrolTrackerUITestsLaunchTests.swift; sourceTree = "<group>"; };
		5E4CB0022AFA765A00174225 /* AppCoordinator.swift */ = {isa = PBXFileReference; lastKnownFileType = sourcecode.swift; path = AppCoordinator.swift; sourceTree = "<group>"; };
		5E4CB0042AFA778100174225 /* PetrolListViewModel.swift */ = {isa = PBXFileReference; lastKnownFileType = sourcecode.swift; path = PetrolListViewModel.swift; sourceTree = "<group>"; };
		5E4CB00A2AFA7C8C00174225 /* PetrolRecord.swift */ = {isa = PBXFileReference; lastKnownFileType = sourcecode.swift; path = PetrolRecord.swift; sourceTree = "<group>"; };
/* End PBXFileReference section */

/* Begin PBXFrameworksBuildPhase section */
		5E4CAFC62AFA756E00174225 /* Frameworks */ = {
			isa = PBXFrameworksBuildPhase;
			buildActionMask = 2147483647;
			files = (
			);
			runOnlyForDeploymentPostprocessing = 0;
		};
		5E4CAFDF2AFA756F00174225 /* Frameworks */ = {
			isa = PBXFrameworksBuildPhase;
			buildActionMask = 2147483647;
			files = (
			);
			runOnlyForDeploymentPostprocessing = 0;
		};
		5E4CAFE92AFA756F00174225 /* Frameworks */ = {
			isa = PBXFrameworksBuildPhase;
			buildActionMask = 2147483647;
			files = (
			);
			runOnlyForDeploymentPostprocessing = 0;
		};
/* End PBXFrameworksBuildPhase section */

/* Begin PBXGroup section */
		5E28DF7B2AFB8FF500A6071C /* Utils */ = {
			isa = PBXGroup;
			children = (
				5E28DF7C2AFB900100A6071C /* DateExtension.swift */,
			);
			path = Utils;
			sourceTree = "<group>";
		};
		5E4CAFC02AFA756E00174225 = {
			isa = PBXGroup;
			children = (
				5E4CAFCB2AFA756E00174225 /* petrolTracker */,
				5E4CAFE52AFA756F00174225 /* petrolTrackerTests */,
				5E4CAFEF2AFA756F00174225 /* petrolTrackerUITests */,
				5E4CAFCA2AFA756E00174225 /* Products */,
			);
			sourceTree = "<group>";
		};
		5E4CAFCA2AFA756E00174225 /* Products */ = {
			isa = PBXGroup;
			children = (
				5E4CAFC92AFA756E00174225 /* petrolTracker.app */,
				5E4CAFE22AFA756F00174225 /* petrolTrackerTests.xctest */,
				5E4CAFEC2AFA756F00174225 /* petrolTrackerUITests.xctest */,
			);
			name = Products;
			sourceTree = "<group>";
		};
		5E4CAFCB2AFA756E00174225 /* petrolTracker */ = {
			isa = PBXGroup;
			children = (
				5E28DF7B2AFB8FF500A6071C /* Utils */,
				5E4CB0082AFA77E600174225 /* DataSource */,
				5E4CB0092AFA77F400174225 /* Model */,
				5E4CB0012AFA763500174225 /* Coordinator */,
				5E4CB0002AFA762D00174225 /* ViewModel */,
				5E4CAFFF2AFA760100174225 /* View */,
				5E4CB0022AFA765A00174225 /* AppCoordinator.swift */,
				5E4CAFCC2AFA756E00174225 /* AppDelegate.swift */,
				5E4CAFD82AFA756F00174225 /* Assets.xcassets */,
				5E4CAFDA2AFA756F00174225 /* LaunchScreen.storyboard */,
				5E4CAFDD2AFA756F00174225 /* Info.plist */,
				5E4CAFD52AFA756E00174225 /* petrolTracker.xcdatamodeld */,
			);
			path = petrolTracker;
			sourceTree = "<group>";
		};
		5E4CAFE52AFA756F00174225 /* petrolTrackerTests */ = {
			isa = PBXGroup;
			children = (
				5E4CAFE62AFA756F00174225 /* petrolTrackerTests.swift */,
			);
			path = petrolTrackerTests;
			sourceTree = "<group>";
		};
		5E4CAFEF2AFA756F00174225 /* petrolTrackerUITests */ = {
			isa = PBXGroup;
			children = (
				5E4CAFF02AFA756F00174225 /* petrolTrackerUITests.swift */,
				5E4CAFF22AFA756F00174225 /* petrolTrackerUITestsLaunchTests.swift */,
			);
			path = petrolTrackerUITests;
			sourceTree = "<group>";
		};
		5E4CAFFF2AFA760100174225 /* View */ = {
			isa = PBXGroup;
			children = (
				5E4CAFD02AFA756E00174225 /* PetrolListViewController.swift */,
				5E28DF792AFB887900A6071C /* PetrolRecordViewCell.swift */,
			);
			path = View;
			sourceTree = "<group>";
		};
		5E4CB0002AFA762D00174225 /* ViewModel */ = {
			isa = PBXGroup;
			children = (
				5E4CB0042AFA778100174225 /* PetrolListViewModel.swift */,
			);
			path = ViewModel;
			sourceTree = "<group>";
		};
		5E4CB0012AFA763500174225 /* Coordinator */ = {
			isa = PBXGroup;
			children = (
				5E28DF752AFB7D5500A6071C /* PetrolListViewCoordinator.swift */,
			);
			path = Coordinator;
			sourceTree = "<group>";
		};
		5E4CB0082AFA77E600174225 /* DataSource */ = {
			isa = PBXGroup;
			children = (
				5E28DF772AFB7E2300A6071C /* PetrolRepository.swift */,
			);
			path = DataSource;
			sourceTree = "<group>";
		};
		5E4CB0092AFA77F400174225 /* Model */ = {
			isa = PBXGroup;
			children = (
				5E4CB00A2AFA7C8C00174225 /* PetrolRecord.swift */,
			);
			path = Model;
			sourceTree = "<group>";
		};
/* End PBXGroup section */

/* Begin PBXNativeTarget section */
		5E4CAFC82AFA756E00174225 /* petrolTracker */ = {
			isa = PBXNativeTarget;
			buildConfigurationList = 5E4CAFF62AFA756F00174225 /* Build configuration list for PBXNativeTarget "petrolTracker" */;
			buildPhases = (
				5E4CAFC52AFA756E00174225 /* Sources */,
				5E4CAFC62AFA756E00174225 /* Frameworks */,
				5E4CAFC72AFA756E00174225 /* Resources */,
			);
			buildRules = (
			);
			dependencies = (
			);
			name = petrolTracker;
			productName = petrolTracker;
			productReference = 5E4CAFC92AFA756E00174225 /* petrolTracker.app */;
			productType = "com.apple.product-type.application";
		};
		5E4CAFE12AFA756F00174225 /* petrolTrackerTests */ = {
			isa = PBXNativeTarget;
			buildConfigurationList = 5E4CAFF92AFA756F00174225 /* Build configuration list for PBXNativeTarget "petrolTrackerTests" */;
			buildPhases = (
				5E4CAFDE2AFA756F00174225 /* Sources */,
				5E4CAFDF2AFA756F00174225 /* Frameworks */,
				5E4CAFE02AFA756F00174225 /* Resources */,
			);
			buildRules = (
			);
			dependencies = (
				5E4CAFE42AFA756F00174225 /* PBXTargetDependency */,
			);
			name = petrolTrackerTests;
			productName = petrolTrackerTests;
			productReference = 5E4CAFE22AFA756F00174225 /* petrolTrackerTests.xctest */;
			productType = "com.apple.product-type.bundle.unit-test";
		};
		5E4CAFEB2AFA756F00174225 /* petrolTrackerUITests */ = {
			isa = PBXNativeTarget;
			buildConfigurationList = 5E4CAFFC2AFA756F00174225 /* Build configuration list for PBXNativeTarget "petrolTrackerUITests" */;
			buildPhases = (
				5E4CAFE82AFA756F00174225 /* Sources */,
				5E4CAFE92AFA756F00174225 /* Frameworks */,
				5E4CAFEA2AFA756F00174225 /* Resources */,
			);
			buildRules = (
			);
			dependencies = (
				5E4CAFEE2AFA756F00174225 /* PBXTargetDependency */,
			);
			name = petrolTrackerUITests;
			productName = petrolTrackerUITests;
			productReference = 5E4CAFEC2AFA756F00174225 /* petrolTrackerUITests.xctest */;
			productType = "com.apple.product-type.bundle.ui-testing";
		};
/* End PBXNativeTarget section */

/* Begin PBXProject section */
		5E4CAFC12AFA756E00174225 /* Project object */ = {
			isa = PBXProject;
			attributes = {
				BuildIndependentTargetsInParallel = 1;
				LastSwiftUpdateCheck = 1500;
				LastUpgradeCheck = 1500;
				TargetAttributes = {
					5E4CAFC82AFA756E00174225 = {
						CreatedOnToolsVersion = 15.0;
					};
					5E4CAFE12AFA756F00174225 = {
						CreatedOnToolsVersion = 15.0;
						TestTargetID = 5E4CAFC82AFA756E00174225;
					};
					5E4CAFEB2AFA756F00174225 = {
						CreatedOnToolsVersion = 15.0;
						TestTargetID = 5E4CAFC82AFA756E00174225;
					};
				};
			};
			buildConfigurationList = 5E4CAFC42AFA756E00174225 /* Build configuration list for PBXProject "petrolTracker" */;
			compatibilityVersion = "Xcode 14.0";
			developmentRegion = en;
			hasScannedForEncodings = 0;
			knownRegions = (
				en,
				Base,
			);
			mainGroup = 5E4CAFC02AFA756E00174225;
			productRefGroup = 5E4CAFCA2AFA756E00174225 /* Products */;
			projectDirPath = "";
			projectRoot = "";
			targets = (
				5E4CAFC82AFA756E00174225 /* petrolTracker */,
				5E4CAFE12AFA756F00174225 /* petrolTrackerTests */,
				5E4CAFEB2AFA756F00174225 /* petrolTrackerUITests */,
			);
		};
/* End PBXProject section */

/* Begin PBXResourcesBuildPhase section */
		5E4CAFC72AFA756E00174225 /* Resources */ = {
			isa = PBXResourcesBuildPhase;
			buildActionMask = 2147483647;
			files = (
				5E4CAFDC2AFA756F00174225 /* LaunchScreen.storyboard in Resources */,
				5E4CAFD92AFA756F00174225 /* Assets.xcassets in Resources */,
			);
			runOnlyForDeploymentPostprocessing = 0;
		};
		5E4CAFE02AFA756F00174225 /* Resources */ = {
			isa = PBXResourcesBuildPhase;
			buildActionMask = 2147483647;
			files = (
			);
			runOnlyForDeploymentPostprocessing = 0;
		};
		5E4CAFEA2AFA756F00174225 /* Resources */ = {
			isa = PBXResourcesBuildPhase;
			buildActionMask = 2147483647;
			files = (
			);
			runOnlyForDeploymentPostprocessing = 0;
		};
/* End PBXResourcesBuildPhase section */

/* Begin PBXSourcesBuildPhase section */
		5E4CAFC52AFA756E00174225 /* Sources */ = {
			isa = PBXSourcesBuildPhase;
			buildActionMask = 2147483647;
			files = (
				5E28DF782AFB7E2300A6071C /* PetrolRepository.swift in Sources */,
				5E28DF7D2AFB900100A6071C /* DateExtension.swift in Sources */,
				5E4CAFD72AFA756E00174225 /* petrolTracker.xcdatamodeld in Sources */,
				5E4CAFD12AFA756E00174225 /* PetrolListViewController.swift in Sources */,
				5E4CB0032AFA765A00174225 /* AppCoordinator.swift in Sources */,
				5E28DF7A2AFB887900A6071C /* PetrolRecordViewCell.swift in Sources */,
				5E28DF762AFB7D5500A6071C /* PetrolListViewCoordinator.swift in Sources */,
				5E4CAFCD2AFA756E00174225 /* AppDelegate.swift in Sources */,
				5E4CB0052AFA778100174225 /* PetrolListViewModel.swift in Sources */,
				5E4CB00B2AFA7C8C00174225 /* PetrolRecord.swift in Sources */,
			);
			runOnlyForDeploymentPostprocessing = 0;
		};
		5E4CAFDE2AFA756F00174225 /* Sources */ = {
			isa = PBXSourcesBuildPhase;
			buildActionMask = 2147483647;
			files = (
				5E4CAFE72AFA756F00174225 /* petrolTrackerTests.swift in Sources */,
			);
			runOnlyForDeploymentPostprocessing = 0;
		};
		5E4CAFE82AFA756F00174225 /* Sources */ = {
			isa = PBXSourcesBuildPhase;
			buildActionMask = 2147483647;
			files = (
				5E4CAFF12AFA756F00174225 /* petrolTrackerUITests.swift in Sources */,
				5E4CAFF32AFA756F00174225 /* petrolTrackerUITestsLaunchTests.swift in Sources */,
			);
			runOnlyForDeploymentPostprocessing = 0;
		};
/* End PBXSourcesBuildPhase section */

/* Begin PBXTargetDependency section */
		5E4CAFE42AFA756F00174225 /* PBXTargetDependency */ = {
			isa = PBXTargetDependency;
			target = 5E4CAFC82AFA756E00174225 /* petrolTracker */;
			targetProxy = 5E4CAFE32AFA756F00174225 /* PBXContainerItemProxy */;
		};
		5E4CAFEE2AFA756F00174225 /* PBXTargetDependency */ = {
			isa = PBXTargetDependency;
			target = 5E4CAFC82AFA756E00174225 /* petrolTracker */;
			targetProxy = 5E4CAFED2AFA756F00174225 /* PBXContainerItemProxy */;
		};
/* End PBXTargetDependency section */

/* Begin PBXVariantGroup section */
		5E4CAFDA2AFA756F00174225 /* LaunchScreen.storyboard */ = {
			isa = PBXVariantGroup;
			children = (
				5E4CAFDB2AFA756F00174225 /* Base */,
			);
			name = LaunchScreen.storyboard;
			sourceTree = "<group>";
		};
/* End PBXVariantGroup section */

/* Begin XCBuildConfiguration section */
		5E4CAFF42AFA756F00174225 /* Debug */ = {
			isa = XCBuildConfiguration;
			buildSettings = {
				ALWAYS_SEARCH_USER_PATHS = NO;
				ASSETCATALOG_COMPILER_GENERATE_SWIFT_ASSET_SYMBOL_EXTENSIONS = YES;
				CLANG_ANALYZER_NONNULL = YES;
				CLANG_ANALYZER_NUMBER_OBJECT_CONVERSION = YES_AGGRESSIVE;
				CLANG_CXX_LANGUAGE_STANDARD = "gnu++20";
				CLANG_ENABLE_MODULES = YES;
				CLANG_ENABLE_OBJC_ARC = YES;
				CLANG_ENABLE_OBJC_WEAK = YES;
				CLANG_WARN_BLOCK_CAPTURE_AUTORELEASING = YES;
				CLANG_WARN_BOOL_CONVERSION = YES;
				CLANG_WARN_COMMA = YES;
				CLANG_WARN_CONSTANT_CONVERSION = YES;
				CLANG_WARN_DEPRECATED_OBJC_IMPLEMENTATIONS = YES;
				CLANG_WARN_DIRECT_OBJC_ISA_USAGE = YES_ERROR;
				CLANG_WARN_DOCUMENTATION_COMMENTS = YES;
				CLANG_WARN_EMPTY_BODY = YES;
				CLANG_WARN_ENUM_CONVERSION = YES;
				CLANG_WARN_INFINITE_RECURSION = YES;
				CLANG_WARN_INT_CONVERSION = YES;
				CLANG_WARN_NON_LITERAL_NULL_CONVERSION = YES;
				CLANG_WARN_OBJC_IMPLICIT_RETAIN_SELF = YES;
				CLANG_WARN_OBJC_LITERAL_CONVERSION = YES;
				CLANG_WARN_OBJC_ROOT_CLASS = YES_ERROR;
				CLANG_WARN_QUOTED_INCLUDE_IN_FRAMEWORK_HEADER = YES;
				CLANG_WARN_RANGE_LOOP_ANALYSIS = YES;
				CLANG_WARN_STRICT_PROTOTYPES = YES;
				CLANG_WARN_SUSPICIOUS_MOVE = YES;
				CLANG_WARN_UNGUARDED_AVAILABILITY = YES_AGGRESSIVE;
				CLANG_WARN_UNREACHABLE_CODE = YES;
				CLANG_WARN__DUPLICATE_METHOD_MATCH = YES;
				COPY_PHASE_STRIP = NO;
				DEBUG_INFORMATION_FORMAT = dwarf;
				ENABLE_STRICT_OBJC_MSGSEND = YES;
				ENABLE_TESTABILITY = YES;
				ENABLE_USER_SCRIPT_SANDBOXING = YES;
				GCC_C_LANGUAGE_STANDARD = gnu17;
				GCC_DYNAMIC_NO_PIC = NO;
				GCC_NO_COMMON_BLOCKS = YES;
				GCC_OPTIMIZATION_LEVEL = 0;
				GCC_PREPROCESSOR_DEFINITIONS = (
					"DEBUG=1",
					"$(inherited)",
				);
				GCC_WARN_64_TO_32_BIT_CONVERSION = YES;
				GCC_WARN_ABOUT_RETURN_TYPE = YES_ERROR;
				GCC_WARN_UNDECLARED_SELECTOR = YES;
				GCC_WARN_UNINITIALIZED_AUTOS = YES_AGGRESSIVE;
				GCC_WARN_UNUSED_FUNCTION = YES;
				GCC_WARN_UNUSED_VARIABLE = YES;
				IPHONEOS_DEPLOYMENT_TARGET = 17.0;
				LOCALIZATION_PREFERS_STRING_CATALOGS = YES;
				MTL_ENABLE_DEBUG_INFO = INCLUDE_SOURCE;
				MTL_FAST_MATH = YES;
				ONLY_ACTIVE_ARCH = YES;
				SDKROOT = iphoneos;
				SWIFT_ACTIVE_COMPILATION_CONDITIONS = "DEBUG $(inherited)";
				SWIFT_OPTIMIZATION_LEVEL = "-Onone";
			};
			name = Debug;
		};
		5E4CAFF52AFA756F00174225 /* Release */ = {
			isa = XCBuildConfiguration;
			buildSettings = {
				ALWAYS_SEARCH_USER_PATHS = NO;
				ASSETCATALOG_COMPILER_GENERATE_SWIFT_ASSET_SYMBOL_EXTENSIONS = YES;
				CLANG_ANALYZER_NONNULL = YES;
				CLANG_ANALYZER_NUMBER_OBJECT_CONVERSION = YES_AGGRESSIVE;
				CLANG_CXX_LANGUAGE_STANDARD = "gnu++20";
				CLANG_ENABLE_MODULES = YES;
				CLANG_ENABLE_OBJC_ARC = YES;
				CLANG_ENABLE_OBJC_WEAK = YES;
				CLANG_WARN_BLOCK_CAPTURE_AUTORELEASING = YES;
				CLANG_WARN_BOOL_CONVERSION = YES;
				CLANG_WARN_COMMA = YES;
				CLANG_WARN_CONSTANT_CONVERSION = YES;
				CLANG_WARN_DEPRECATED_OBJC_IMPLEMENTATIONS = YES;
				CLANG_WARN_DIRECT_OBJC_ISA_USAGE = YES_ERROR;
				CLANG_WARN_DOCUMENTATION_COMMENTS = YES;
				CLANG_WARN_EMPTY_BODY = YES;
				CLANG_WARN_ENUM_CONVERSION = YES;
				CLANG_WARN_INFINITE_RECURSION = YES;
				CLANG_WARN_INT_CONVERSION = YES;
				CLANG_WARN_NON_LITERAL_NULL_CONVERSION = YES;
				CLANG_WARN_OBJC_IMPLICIT_RETAIN_SELF = YES;
				CLANG_WARN_OBJC_LITERAL_CONVERSION = YES;
				CLANG_WARN_OBJC_ROOT_CLASS = YES_ERROR;
				CLANG_WARN_QUOTED_INCLUDE_IN_FRAMEWORK_HEADER = YES;
				CLANG_WARN_RANGE_LOOP_ANALYSIS = YES;
				CLANG_WARN_STRICT_PROTOTYPES = YES;
				CLANG_WARN_SUSPICIOUS_MOVE = YES;
				CLANG_WARN_UNGUARDED_AVAILABILITY = YES_AGGRESSIVE;
				CLANG_WARN_UNREACHABLE_CODE = YES;
				CLANG_WARN__DUPLICATE_METHOD_MATCH = YES;
				COPY_PHASE_STRIP = NO;
				DEBUG_INFORMATION_FORMAT = "dwarf-with-dsym";
				ENABLE_NS_ASSERTIONS = NO;
				ENABLE_STRICT_OBJC_MSGSEND = YES;
				ENABLE_USER_SCRIPT_SANDBOXING = YES;
				GCC_C_LANGUAGE_STANDARD = gnu17;
				GCC_NO_COMMON_BLOCKS = YES;
				GCC_WARN_64_TO_32_BIT_CONVERSION = YES;
				GCC_WARN_ABOUT_RETURN_TYPE = YES_ERROR;
				GCC_WARN_UNDECLARED_SELECTOR = YES;
				GCC_WARN_UNINITIALIZED_AUTOS = YES_AGGRESSIVE;
				GCC_WARN_UNUSED_FUNCTION = YES;
				GCC_WARN_UNUSED_VARIABLE = YES;
				IPHONEOS_DEPLOYMENT_TARGET = 17.0;
				LOCALIZATION_PREFERS_STRING_CATALOGS = YES;
				MTL_ENABLE_DEBUG_INFO = NO;
				MTL_FAST_MATH = YES;
				SDKROOT = iphoneos;
				SWIFT_COMPILATION_MODE = wholemodule;
				VALIDATE_PRODUCT = YES;
			};
			name = Release;
		};
		5E4CAFF72AFA756F00174225 /* Debug */ = {
			isa = XCBuildConfiguration;
			buildSettings = {
				ASSETCATALOG_COMPILER_APPICON_NAME = AppIcon;
				ASSETCATALOG_COMPILER_GLOBAL_ACCENT_COLOR_NAME = AccentColor;
				CODE_SIGN_STYLE = Automatic;
				CURRENT_PROJECT_VERSION = 1;
				DEVELOPMENT_TEAM = 8NM54NQ7DU;
				GENERATE_INFOPLIST_FILE = YES;
				INFOPLIST_FILE = petrolTracker/Info.plist;
				INFOPLIST_KEY_UIApplicationSupportsIndirectInputEvents = YES;
				INFOPLIST_KEY_UILaunchStoryboardName = LaunchScreen;
				INFOPLIST_KEY_UIMainStoryboardFile = "";
				INFOPLIST_KEY_UISupportedInterfaceOrientations_iPad = "UIInterfaceOrientationPortrait UIInterfaceOrientationPortraitUpsideDown UIInterfaceOrientationLandscapeLeft UIInterfaceOrientationLandscapeRight";
				INFOPLIST_KEY_UISupportedInterfaceOrientations_iPhone = "UIInterfaceOrientationPortrait UIInterfaceOrientationLandscapeLeft UIInterfaceOrientationLandscapeRight";
				IPHONEOS_DEPLOYMENT_TARGET = 16.0;
				LD_RUNPATH_SEARCH_PATHS = (
					"$(inherited)",
					"@executable_path/Frameworks",
				);
				MARKETING_VERSION = 1.0;
				PRODUCT_BUNDLE_IDENTIFIER = com.rachelfpy.petrolTracker;
				PRODUCT_NAME = "$(TARGET_NAME)";
				SWIFT_EMIT_LOC_STRINGS = YES;
				SWIFT_VERSION = 5.0;
				TARGETED_DEVICE_FAMILY = "1,2";
			};
			name = Debug;
		};
		5E4CAFF82AFA756F00174225 /* Release */ = {
			isa = XCBuildConfiguration;
			buildSettings = {
				ASSETCATALOG_COMPILER_APPICON_NAME = AppIcon;
				ASSETCATALOG_COMPILER_GLOBAL_ACCENT_COLOR_NAME = AccentColor;
				CODE_SIGN_STYLE = Automatic;
				CURRENT_PROJECT_VERSION = 1;
				DEVELOPMENT_TEAM = 8NM54NQ7DU;
				GENERATE_INFOPLIST_FILE = YES;
				INFOPLIST_FILE = petrolTracker/Info.plist;
				INFOPLIST_KEY_UIApplicationSupportsIndirectInputEvents = YES;
				INFOPLIST_KEY_UILaunchStoryboardName = LaunchScreen;
				INFOPLIST_KEY_UIMainStoryboardFile = "";
				INFOPLIST_KEY_UISupportedInterfaceOrientations_iPad = "UIInterfaceOrientationPortrait UIInterfaceOrientationPortraitUpsideDown UIInterfaceOrientationLandscapeLeft UIInterfaceOrientationLandscapeRight";
				INFOPLIST_KEY_UISupportedInterfaceOrientations_iPhone = "UIInterfaceOrientationPortrait UIInterfaceOrientationLandscapeLeft UIInterfaceOrientationLandscapeRight";
				IPHONEOS_DEPLOYMENT_TARGET = 16.0;
				LD_RUNPATH_SEARCH_PATHS = (
					"$(inherited)",
					"@executable_path/Frameworks",
				);
				MARKETING_VERSION = 1.0;
				PRODUCT_BUNDLE_IDENTIFIER = com.rachelfpy.petrolTracker;
				PRODUCT_NAME = "$(TARGET_NAME)";
				SWIFT_EMIT_LOC_STRINGS = YES;
				SWIFT_VERSION = 5.0;
				TARGETED_DEVICE_FAMILY = "1,2";
			};
			name = Release;
		};
		5E4CAFFA2AFA756F00174225 /* Debug */ = {
			isa = XCBuildConfiguration;
			buildSettings = {
				ALWAYS_EMBED_SWIFT_STANDARD_LIBRARIES = YES;
				BUNDLE_LOADER = "$(TEST_HOST)";
				CODE_SIGN_STYLE = Automatic;
				CURRENT_PROJECT_VERSION = 1;
				DEVELOPMENT_TEAM = 8NM54NQ7DU;
				GENERATE_INFOPLIST_FILE = YES;
				IPHONEOS_DEPLOYMENT_TARGET = 17.0;
				MARKETING_VERSION = 1.0;
				PRODUCT_BUNDLE_IDENTIFIER = com.rachelfpy.petrolTrackerTests;
				PRODUCT_NAME = "$(TARGET_NAME)";
				SWIFT_EMIT_LOC_STRINGS = NO;
				SWIFT_VERSION = 5.0;
				TARGETED_DEVICE_FAMILY = "1,2";
				TEST_HOST = "$(BUILT_PRODUCTS_DIR)/petrolTracker.app/$(BUNDLE_EXECUTABLE_FOLDER_PATH)/petrolTracker";
			};
			name = Debug;
		};
		5E4CAFFB2AFA756F00174225 /* Release */ = {
			isa = XCBuildConfiguration;
			buildSettings = {
				ALWAYS_EMBED_SWIFT_STANDARD_LIBRARIES = YES;
				BUNDLE_LOADER = "$(TEST_HOST)";
				CODE_SIGN_STYLE = Automatic;
				CURRENT_PROJECT_VERSION = 1;
				DEVELOPMENT_TEAM = 8NM54NQ7DU;
				GENERATE_INFOPLIST_FILE = YES;
				IPHONEOS_DEPLOYMENT_TARGET = 17.0;
				MARKETING_VERSION = 1.0;
				PRODUCT_BUNDLE_IDENTIFIER = com.rachelfpy.petrolTrackerTests;
				PRODUCT_NAME = "$(TARGET_NAME)";
				SWIFT_EMIT_LOC_STRINGS = NO;
				SWIFT_VERSION = 5.0;
				TARGETED_DEVICE_FAMILY = "1,2";
				TEST_HOST = "$(BUILT_PRODUCTS_DIR)/petrolTracker.app/$(BUNDLE_EXECUTABLE_FOLDER_PATH)/petrolTracker";
			};
			name = Release;
		};
		5E4CAFFD2AFA756F00174225 /* Debug */ = {
			isa = XCBuildConfiguration;
			buildSettings = {
				ALWAYS_EMBED_SWIFT_STANDARD_LIBRARIES = YES;
				CODE_SIGN_STYLE = Automatic;
				CURRENT_PROJECT_VERSION = 1;
				DEVELOPMENT_TEAM = 8NM54NQ7DU;
				GENERATE_INFOPLIST_FILE = YES;
				MARKETING_VERSION = 1.0;
				PRODUCT_BUNDLE_IDENTIFIER = com.rachelfpy.petrolTrackerUITests;
				PRODUCT_NAME = "$(TARGET_NAME)";
				SWIFT_EMIT_LOC_STRINGS = NO;
				SWIFT_VERSION = 5.0;
				TARGETED_DEVICE_FAMILY = "1,2";
				TEST_TARGET_NAME = petrolTracker;
			};
			name = Debug;
		};
		5E4CAFFE2AFA756F00174225 /* Release */ = {
			isa = XCBuildConfiguration;
			buildSettings = {
				ALWAYS_EMBED_SWIFT_STANDARD_LIBRARIES = YES;
				CODE_SIGN_STYLE = Automatic;
				CURRENT_PROJECT_VERSION = 1;
				DEVELOPMENT_TEAM = 8NM54NQ7DU;
				GENERATE_INFOPLIST_FILE = YES;
				MARKETING_VERSION = 1.0;
				PRODUCT_BUNDLE_IDENTIFIER = com.rachelfpy.petrolTrackerUITests;
				PRODUCT_NAME = "$(TARGET_NAME)";
				SWIFT_EMIT_LOC_STRINGS = NO;
				SWIFT_VERSION = 5.0;
				TARGETED_DEVICE_FAMILY = "1,2";
				TEST_TARGET_NAME = petrolTracker;
			};
			name = Release;
		};
/* End XCBuildConfiguration section */

/* Begin XCConfigurationList section */
		5E4CAFC42AFA756E00174225 /* Build configuration list for PBXProject "petrolTracker" */ = {
			isa = XCConfigurationList;
			buildConfigurations = (
				5E4CAFF42AFA756F00174225 /* Debug */,
				5E4CAFF52AFA756F00174225 /* Release */,
			);
			defaultConfigurationIsVisible = 0;
			defaultConfigurationName = Release;
		};
		5E4CAFF62AFA756F00174225 /* Build configuration list for PBXNativeTarget "petrolTracker" */ = {
			isa = XCConfigurationList;
			buildConfigurations = (
				5E4CAFF72AFA756F00174225 /* Debug */,
				5E4CAFF82AFA756F00174225 /* Release */,
			);
			defaultConfigurationIsVisible = 0;
			defaultConfigurationName = Release;
		};
		5E4CAFF92AFA756F00174225 /* Build configuration list for PBXNativeTarget "petrolTrackerTests" */ = {
			isa = XCConfigurationList;
			buildConfigurations = (
				5E4CAFFA2AFA756F00174225 /* Debug */,
				5E4CAFFB2AFA756F00174225 /* Release */,
			);
			defaultConfigurationIsVisible = 0;
			defaultConfigurationName = Release;
		};
		5E4CAFFC2AFA756F00174225 /* Build configuration list for PBXNativeTarget "petrolTrackerUITests" */ = {
			isa = XCConfigurationList;
			buildConfigurations = (
				5E4CAFFD2AFA756F00174225 /* Debug */,
				5E4CAFFE2AFA756F00174225 /* Release */,
			);
			defaultConfigurationIsVisible = 0;
			defaultConfigurationName = Release;
		};
/* End XCConfigurationList section */

/* Begin XCVersionGroup section */
		5E4CAFD52AFA756E00174225 /* petrolTracker.xcdatamodeld */ = {
			isa = XCVersionGroup;
			children = (
				5E4CAFD62AFA756E00174225 /* petrolTracker.xcdatamodel */,
			);
			currentVersion = 5E4CAFD62AFA756E00174225 /* petrolTracker.xcdatamodel */;
			path = petrolTracker.xcdatamodeld;
			sourceTree = "<group>";
			versionGroupType = wrapper.xcdatamodel;
		};
/* End XCVersionGroup section */
	};
	rootObject = 5E4CAFC12AFA756E00174225 /* Project object */;
}
